PODS:
  - Nimble (3.0.0)
  - Quick (0.8.0)
  - RxCocoa (2.0.0-beta.3):
    - RxSwift (~> 2.0.0-beta)
  - RxSwift (2.0.0-beta.3)
  - RxViewModel (2.3.1):
    - RxCocoa (~> 2.0.0-beta.3)
    - RxSwift (~> 2.0.0-beta.3)

DEPENDENCIES:
  - Nimble
  - Quick
  - RxViewModel (from `../`)

EXTERNAL SOURCES:
  RxViewModel:
    :path: "../"

SPEC CHECKSUMS:
  Nimble: 4c353d43735b38b545cbb4cb91504588eb5de926
  Quick: 563d0f6ec5f72e394645adb377708639b7dd38ab
  RxCocoa: 1472006304b296d03c847f78b21384523cc4902e
  RxSwift: 19fbe885b404d1d36d42ac8535134739a9b42952
  RxViewModel: 2dcd72b8ce252a4d3e3a0b328d15bf9af3a1a1fa

COCOAPODS: 0.39.0
