PODS:
  - Nimble (4.0.1)
  - Quick (0.9.2)
  - RxCocoa (2.3.1):
    - RxSwift (~> 2.3.1)
  - RxSwift (2.3.1)
  - RxViewModel (3.0.1):
    - RxCocoa (~> 2.3.0)
    - RxSwift (~> 2.3.0)

DEPENDENCIES:
  - Nimble
  - Quick
  - RxViewModel (from `../`)

EXTERNAL SOURCES:
  RxViewModel:
    :path: "../"

SPEC CHECKSUMS:
  Nimble: 0f3c8b8b084cda391209c3c5efbb48bedeeb920a
  Quick: 18d057bc66451eedd5d1c8dc99ba2a5db6e60226
  RxCocoa: a2baaf3462b989559a51dce59d78fbebb8fe0afa
  RxSwift: 829b2843e9eddc77a02cb3f5117f0d55f8f646f1
  RxViewModel: 105470eed726c9c461786f90cf3653d1dc994e61

COCOAPODS: 0.39.0
