PODS:
  - Nimble (4.1.0)
  - Quick (0.9.2)
  - RxSwift (2.5.0)
  - RxViewModel (3.1.4):
    - RxSwift (~> 2.5)

DEPENDENCIES:
  - Nimble
  - Quick
  - RxViewModel (from `../`)

EXTERNAL SOURCES:
  RxViewModel:
    :path: "../"

SPEC CHECKSUMS:
  Nimble: 97a0a4cae5124c117115634b2d055d8c97d0af19
  Quick: 18d057bc66451eedd5d1c8dc99ba2a5db6e60226
  RxSwift: 402b41a50e922a0368fc14cb3bc9f4427920e8ae
  RxViewModel: cb396b511b9b94bd7a253b86b6b5a65e2b36043e

PODFILE CHECKSUM: b33965020a227744c32cb077aa83827a34e2cb6a

COCOAPODS: 1.0.1
