PODS:
  - Nimble (5.0.0)
  - Quick (0.10.0)
  - RxSwift (3.0.0-beta.1)
  - RxViewModel (3.1.4):
    - RxSwift (~> 3.0.0-beta.1)

DEPENDENCIES:
  - Nimble (~> 5.0.0)
  - Quick
  - RxViewModel (from `../`)

EXTERNAL SOURCES:
  RxViewModel:
    :path: "../"

SPEC CHECKSUMS:
  Nimble: 56fc9f5020effa2206de22c3dd910f4fb011b92f
  Quick: 5d290df1c69d5ee2f0729956dcf0fd9a30447eaa
  RxSwift: 0823e8d7969c23bfa9ddfb2afa4881e424a1a710
  RxViewModel: 1c042354009091bdaa20a938450cbe36bdc0cdfa

PODFILE CHECKSUM: d9e63f7c0028ca2918559bc5848deebab2fd28c8

COCOAPODS: 1.1.0.rc.2
